
Microsoft Visual Studio Solution File, Format Version 12.00
# Visual Studio 15
VisualStudioVersion = 15.0.28307.489
MinimumVisualStudioVersion = 10.0.40219.1
Project("{FAE04EC0-301F-11D3-BF4B-00C04F79EFBC}") = "StudyCheck.FormsUI", "StudyCheck.FormsUI\StudyCheck.FormsUI.csproj", "{CE086C18-09B3-40A2-A3D1-9147B11F92D7}"
EndProject
Global
	GlobalSection(SolutionConfigurationPlatforms) = preSolution
		Debug|Any CPU = Debug|Any CPU
		Release|Any CPU = Release|Any CPU
	EndGlobalSection
	GlobalSection(ProjectConfigurationPlatforms) = postSolution
		{CE086C18-09B3-40A2-A3D1-9147B11F92D7}.Debug|Any CPU.ActiveCfg = Debug|Any CPU
		{CE086C18-09B3-40A2-A3D1-9147B11F92D7}.Debug|Any CPU.Build.0 = Debug|Any CPU
		{CE086C18-09B3-40A2-A3D1-9147B11F92D7}.Release|Any CPU.ActiveCfg = Release|Any CPU
		{CE086C18-09B3-40A2-A3D1-9147B11F92D7}.Release|Any CPU.Build.0 = Release|Any CPU
	EndGlobalSection
	GlobalSection(SolutionProperties) = preSolution
		HideSolutionNode = FALSE
	EndGlobalSection
	GlobalSection(ExtensibilityGlobals) = postSolution
		SolutionGuid = {2B0D1F71-DB91-4FDD-9154-2F965C05BA3A}
	EndGlobalSection
EndGlobal
